// !$*UTF8*$!
{
	archiveVersion = 1;
	classes = {
	};
	objectVersion = 46;
	objects = {

/* Begin PBXBuildFile section */
		070774E11C3A15EB00C64C7E /* AppDelegate.swift in Sources */ = {isa = PBXBuildFile; fileRef = 070774E01C3A15EB00C64C7E /* AppDelegate.swift */; };
		070774E31C3A15EB00C64C7E /* ViewController.swift in Sources */ = {isa = PBXBuildFile; fileRef = 070774E21C3A15EB00C64C7E /* ViewController.swift */; };
		070774E61C3A15EB00C64C7E /* Main.storyboard in Resources */ = {isa = PBXBuildFile; fileRef = 070774E41C3A15EB00C64C7E /* Main.storyboard */; };
		070774E81C3A15EB00C64C7E /* Images.xcassets in Resources */ = {isa = PBXBuildFile; fileRef = 070774E71C3A15EB00C64C7E /* Images.xcassets */; };
		070774EB1C3A15EB00C64C7E /* LaunchScreen.xib in Resources */ = {isa = PBXBuildFile; fileRef = 070774E91C3A15EB00C64C7E /* LaunchScreen.xib */; };
		070774F71C3A15EB00C64C7E /* HamburguesasTests.swift in Sources */ = {isa = PBXBuildFile; fileRef = 070774F61C3A15EB00C64C7E /* HamburguesasTests.swift */; };
		070775011C3A161F00C64C7E /* Datos.swift in Sources */ = {isa = PBXBuildFile; fileRef = 070775001C3A161F00C64C7E /* Datos.swift */; };
/* End PBXBuildFile section */

/* Begin PBXContainerItemProxy section */
		070774F11C3A15EB00C64C7E /* PBXContainerItemProxy */ = {
			isa = PBXContainerItemProxy;
			containerPortal = 070774D31C3A15EB00C64C7E /* Project object */;
			proxyType = 1;
			remoteGlobalIDString = 070774DA1C3A15EB00C64C7E;
			remoteInfo = Hamburguesas;
		};
/* End PBXContainerItemProxy section */

/* Begin PBXFileReference section */
		070774DB1C3A15EB00C64C7E /* Hamburguesas.app */ = {isa = PBXFileReference; explicitFileType = wrapper.application; includeInIndex = 0; path = Hamburguesas.app; sourceTree = BUILT_PRODUCTS_DIR; };
		070774DF1C3A15EB00C64C7E /* Info.plist */ = {isa = PBXFileReference; lastKnownFileType = text.plist.xml; path = Info.plist; sourceTree = "<group>"; };
		070774E01C3A15EB00C64C7E /* AppDelegate.swift */ = {isa = PBXFileReference; lastKnownFileType = sourcecode.swift; path = AppDelegate.swift; sourceTree = "<group>"; };
		070774E21C3A15EB00C64C7E /* ViewController.swift */ = {isa = PBXFileReference; lastKnownFileType = sourcecode.swift; path = ViewController.swift; sourceTree = "<group>"; };
		070774E51C3A15EB00C64C7E /* Base */ = {isa = PBXFileReference; lastKnownFileType = file.storyboard; name = Base; path = Base.lproj/Main.storyboard; sourceTree = "<group>"; };
		070774E71C3A15EB00C64C7E /* Images.xcassets */ = {isa = PBXFileReference; lastKnownFileType = folder.assetcatalog; path = Images.xcassets; sourceTree = "<group>"; };
		070774EA1C3A15EB00C64C7E /* Base */ = {isa = PBXFileReference; lastKnownFileType = file.xib; name = Base; path = Base.lproj/LaunchScreen.xib; sourceTree = "<group>"; };
		070774F01C3A15EB00C64C7E /* HamburguesasTests.xctest */ = {isa = PBXFileReference; explicitFileType = wrapper.cfbundle; includeInIndex = 0; path = HamburguesasTests.xctest; sourceTree = BUILT_PRODUCTS_DIR; };
		070774F51C3A15EB00C64C7E /* Info.plist */ = {isa = PBXFileReference; lastKnownFileType = text.plist.xml; path = Info.plist; sourceTree = "<group>"; };
		070774F61C3A15EB00C64C7E /* HamburguesasTests.swift */ = {isa = PBXFileReference; lastKnownFileType = sourcecode.swift; path = HamburguesasTests.swift; sourceTree = "<group>"; };
		070775001C3A161F00C64C7E /* Datos.swift */ = {isa = PBXFileReference; fileEncoding = 4; lastKnownFileType = sourcecode.swift; path = Datos.swift; sourceTree = "<group>"; };
/* End PBXFileReference section */

/* Begin PBXFrameworksBuildPhase section */
		070774D81C3A15EB00C64C7E /* Frameworks */ = {
			isa = PBXFrameworksBuildPhase;
			buildActionMask = 2147483647;
			files = (
			);
			runOnlyForDeploymentPostprocessing = 0;
		};
		070774ED1C3A15EB00C64C7E /* Frameworks */ = {
			isa = PBXFrameworksBuildPhase;
			buildActionMask = 2147483647;
			files = (
			);
			runOnlyForDeploymentPostprocessing = 0;
		};
/* End PBXFrameworksBuildPhase section */

/* Begin PBXGroup section */
		070774D21C3A15EB00C64C7E = {
			isa = PBXGroup;
			children = (
				070774DD1C3A15EB00C64C7E /* Hamburguesas */,
				070774F31C3A15EB00C64C7E /* HamburguesasTests */,
				070774DC1C3A15EB00C64C7E /* Products */,
			);
			sourceTree = "<group>";
		};
		070774DC1C3A15EB00C64C7E /* Products */ = {
			isa = PBXGroup;
			children = (
				070774DB1C3A15EB00C64C7E /* Hamburguesas.app */,
				070774F01C3A15EB00C64C7E /* HamburguesasTests.xctest */,
			);
			name = Products;
			sourceTree = "<group>";
		};
		070774DD1C3A15EB00C64C7E /* Hamburguesas */ = {
			isa = PBXGroup;
			children = (
				070774E01C3A15EB00C64C7E /* AppDelegate.swift */,
				070774E21C3A15EB00C64C7E /* ViewController.swift */,
				070774E41C3A15EB00C64C7E /* Main.storyboard */,
				070774E71C3A15EB00C64C7E /* Images.xcassets */,
				070774E91C3A15EB00C64C7E /* LaunchScreen.xib */,
				070774DE1C3A15EB00C64C7E /* Supporting Files */,
				070775001C3A161F00C64C7E /* Datos.swift */,
			);
			path = Hamburguesas;
			sourceTree = "<group>";
		};
		070774DE1C3A15EB00C64C7E /* Supporting Files */ = {
			isa = PBXGroup;
			children = (
				070774DF1C3A15EB00C64C7E /* Info.plist */,
			);
			name = "Supporting Files";
			sourceTree = "<group>";
		};
		070774F31C3A15EB00C64C7E /* HamburguesasTests */ = {
			isa = PBXGroup;
			children = (
				070774F61C3A15EB00C64C7E /* HamburguesasTests.swift */,
				070774F41C3A15EB00C64C7E /* Supporting Files */,
			);
			path = HamburguesasTests;
			sourceTree = "<group>";
		};
		070774F41C3A15EB00C64C7E /* Supporting Files */ = {
			isa = PBXGroup;
			children = (
				070774F51C3A15EB00C64C7E /* Info.plist */,
			);
			name = "Supporting Files";
			sourceTree = "<group>";
		};
/* End PBXGroup section */

/* Begin PBXNativeTarget section */
		070774DA1C3A15EB00C64C7E /* Hamburguesas */ = {
			isa = PBXNativeTarget;
			buildConfigurationList = 070774FA1C3A15EC00C64C7E /* Build configuration list for PBXNativeTarget "Hamburguesas" */;
			buildPhases = (
				070774D71C3A15EB00C64C7E /* Sources */,
				070774D81C3A15EB00C64C7E /* Frameworks */,
				070774D91C3A15EB00C64C7E /* Resources */,
			);
			buildRules = (
			);
			dependencies = (
			);
			name = Hamburguesas;
			productName = Hamburguesas;
			productReference = 070774DB1C3A15EB00C64C7E /* Hamburguesas.app */;
			productType = "com.apple.product-type.application";
		};
		070774EF1C3A15EB00C64C7E /* HamburguesasTests */ = {
			isa = PBXNativeTarget;
			buildConfigurationList = 070774FD1C3A15EC00C64C7E /* Build configuration list for PBXNativeTarget "HamburguesasTests" */;
			buildPhases = (
				070774EC1C3A15EB00C64C7E /* Sources */,
				070774ED1C3A15EB00C64C7E /* Frameworks */,
				070774EE1C3A15EB00C64C7E /* Resources */,
			);
			buildRules = (
			);
			dependencies = (
				070774F21C3A15EB00C64C7E /* PBXTargetDependency */,
			);
			name = HamburguesasTests;
			productName = HamburguesasTests;
			productReference = 070774F01C3A15EB00C64C7E /* HamburguesasTests.xctest */;
			productType = "com.apple.product-type.bundle.unit-test";
		};
/* End PBXNativeTarget section */

/* Begin PBXProject section */
		070774D31C3A15EB00C64C7E /* Project object */ = {
			isa = PBXProject;
			attributes = {
				LastUpgradeCheck = 0630;
				ORGANIZATIONNAME = CarlosEduardoGutierrezLopez;
				TargetAttributes = {
					070774DA1C3A15EB00C64C7E = {
						CreatedOnToolsVersion = 6.3;
					};
					070774EF1C3A15EB00C64C7E = {
						CreatedOnToolsVersion = 6.3;
						TestTargetID = 070774DA1C3A15EB00C64C7E;
					};
				};
			};
			buildConfigurationList = 070774D61C3A15EB00C64C7E /* Build configuration list for PBXProject "Hamburguesas" */;
			compatibilityVersion = "Xcode 3.2";
			developmentRegion = English;
			hasScannedForEncodings = 0;
			knownRegions = (
				en,
				Base,
			);
			mainGroup = 070774D21C3A15EB00C64C7E;
			productRefGroup = 070774DC1C3A15EB00C64C7E /* Products */;
			projectDirPath = "";
			projectRoot = "";
			targets = (
				070774DA1C3A15EB00C64C7E /* Hamburguesas */,
				070774EF1C3A15EB00C64C7E /* HamburguesasTests */,
			);
		};
/* End PBXProject section */

/* Begin PBXResourcesBuildPhase section */
		070774D91C3A15EB00C64C7E /* Resources */ = {
			isa = PBXResourcesBuildPhase;
			buildActionMask = 2147483647;
			files = (
				070774E61C3A15EB00C64C7E /* Main.storyboard in Resources */,
				070774EB1C3A15EB00C64C7E /* LaunchScreen.xib in Resources */,
				070774E81C3A15EB00C64C7E /* Images.xcassets in Resources */,
			);
			runOnlyForDeploymentPostprocessing = 0;
		};
		070774EE1C3A15EB00C64C7E /* Resources */ = {
			isa = PBXResourcesBuildPhase;
			buildActionMask = 2147483647;
			files = (
			);
			runOnlyForDeploymentPostprocessing = 0;
		};
/* End PBXResourcesBuildPhase section */

/* Begin PBXSourcesBuildPhase section */
		070774D71C3A15EB00C64C7E /* Sources */ = {
			isa = PBXSourcesBuildPhase;
			buildActionMask = 2147483647;
			files = (
				070774E31C3A15EB00C64C7E /* ViewController.swift in Sources */,
				070774E11C3A15EB00C64C7E /* AppDelegate.swift in Sources */,
				070775011C3A161F00C64C7E /* Datos.swift in Sources */,
			);
			runOnlyForDeploymentPostprocessing = 0;
		};
		070774EC1C3A15EB00C64C7E /* Sources */ = {
			isa = PBXSourcesBuildPhase;
			buildActionMask = 2147483647;
			files = (
				070774F71C3A15EB00C64C7E /* HamburguesasTests.swift in Sources */,
			);
			runOnlyForDeploymentPostprocessing = 0;
		};
/* End PBXSourcesBuildPhase section */

/* Begin PBXTargetDependency section */
		070774F21C3A15EB00C64C7E /* PBXTargetDependency */ = {
			isa = PBXTargetDependency;
			target = 070774DA1C3A15EB00C64C7E /* Hamburguesas */;
			targetProxy = 070774F11C3A15EB00C64C7E /* PBXContainerItemProxy */;
		};
/* End PBXTargetDependency section */

/* Begin PBXVariantGroup section */
		070774E41C3A15EB00C64C7E /* Main.storyboard */ = {
			isa = PBXVariantGroup;
			children = (
				070774E51C3A15EB00C64C7E /* Base */,
			);
			name = Main.storyboard;
			sourceTree = "<group>";
		};
		070774E91C3A15EB00C64C7E /* LaunchScreen.xib */ = {
			isa = PBXVariantGroup;
			children = (
				070774EA1C3A15EB00C64C7E /* Base */,
			);
			name = LaunchScreen.xib;
			sourceTree = "<group>";
		};
/* End PBXVariantGroup section */

/* Begin XCBuildConfiguration section */
		070774F81C3A15EC00C64C7E /* Debug */ = {
			isa = XCBuildConfiguration;
			buildSettings = {
				ALWAYS_SEARCH_USER_PATHS = NO;
				CLANG_CXX_LANGUAGE_STANDARD = "gnu++0x";
				CLANG_CXX_LIBRARY = "libc++";
				CLANG_ENABLE_MODULES = YES;
				CLANG_ENABLE_OBJC_ARC = YES;
				CLANG_WARN_BOOL_CONVERSION = YES;
				CLANG_WARN_CONSTANT_CONVERSION = YES;
				CLANG_WARN_DIRECT_OBJC_ISA_USAGE = YES_ERROR;
				CLANG_WARN_EMPTY_BODY = YES;
				CLANG_WARN_ENUM_CONVERSION = YES;
				CLANG_WARN_INT_CONVERSION = YES;
				CLANG_WARN_OBJC_ROOT_CLASS = YES_ERROR;
				CLANG_WARN_UNREACHABLE_CODE = YES;
				CLANG_WARN__DUPLICATE_METHOD_MATCH = YES;
				"CODE_SIGN_IDENTITY[sdk=iphoneos*]" = "iPhone Developer";
				COPY_PHASE_STRIP = NO;
				DEBUG_INFORMATION_FORMAT = "dwarf-with-dsym";
				ENABLE_STRICT_OBJC_MSGSEND = YES;
				GCC_C_LANGUAGE_STANDARD = gnu99;
				GCC_DYNAMIC_NO_PIC = NO;
				GCC_NO_COMMON_BLOCKS = YES;
				GCC_OPTIMIZATION_LEVEL = 0;
				GCC_PREPROCESSOR_DEFINITIONS = (
					"DEBUG=1",
					"$(inherited)",
				);
				GCC_SYMBOLS_PRIVATE_EXTERN = NO;
				GCC_WARN_64_TO_32_BIT_CONVERSION = YES;
				GCC_WARN_ABOUT_RETURN_TYPE = YES_ERROR;
				GCC_WARN_UNDECLARED_SELECTOR = YES;
				GCC_WARN_UNINITIALIZED_AUTOS = YES_AGGRESSIVE;
				GCC_WARN_UNUSED_FUNCTION = YES;
				GCC_WARN_UNUSED_VARIABLE = YES;
				IPHONEOS_DEPLOYMENT_TARGET = 8.3;
				MTL_ENABLE_DEBUG_INFO = YES;
				ONLY_ACTIVE_ARCH = YES;
				SDKROOT = iphoneos;
				SWIFT_OPTIMIZATION_LEVEL = "-Onone";
			};
			name = Debug;
		};
		070774F91C3A15EC00C64C7E /* Release */ = {
			isa = XCBuildConfiguration;
			buildSettings = {
				ALWAYS_SEARCH_USER_PATHS = NO;
				CLANG_CXX_LANGUAGE_STANDARD = "gnu++0x";
				CLANG_CXX_LIBRARY = "libc++";
				CLANG_ENABLE_MODULES = YES;
				CLANG_ENABLE_OBJC_ARC = YES;
				CLANG_WARN_BOOL_CONVERSION = YES;
				CLANG_WARN_CONSTANT_CONVERSION = YES;
				CLANG_WARN_DIRECT_OBJC_ISA_USAGE = YES_ERROR;
				CLANG_WARN_EMPTY_BODY = YES;
				CLANG_WARN_ENUM_CONVERSION = YES;
				CLANG_WARN_INT_CONVERSION = YES;
				CLANG_WARN_OBJC_ROOT_CLASS = YES_ERROR;
				CLANG_WARN_UNREACHABLE_CODE = YES;
				CLANG_WARN__DUPLICATE_METHOD_MATCH = YES;
				"CODE_SIGN_IDENTITY[sdk=iphoneos*]" = "iPhone Developer";
				COPY_PHASE_STRIP = NO;
				DEBUG_INFORMATION_FORMAT = "dwarf-with-dsym";
				ENABLE_NS_ASSERTIONS = NO;
				ENABLE_STRICT_OBJC_MSGSEND = YES;
				GCC_C_LANGUAGE_STANDARD = gnu99;
				GCC_NO_COMMON_BLOCKS = YES;
				GCC_WARN_64_TO_32_BIT_CONVERSION = YES;
				GCC_WARN_ABOUT_RETURN_TYPE = YES_ERROR;
				GCC_WARN_UNDECLARED_SELECTOR = YES;
				GCC_WARN_UNINITIALIZED_AUTOS = YES_AGGRESSIVE;
				GCC_WARN_UNUSED_FUNCTION = YES;
				GCC_WARN_UNUSED_VARIABLE = YES;
				IPHONEOS_DEPLOYMENT_TARGET = 8.3;
				MTL_ENABLE_DEBUG_INFO = NO;
				SDKROOT = iphoneos;
				VALIDATE_PRODUCT = YES;
			};
			name = Release;
		};
		070774FB1C3A15EC00C64C7E /* Debug */ = {
			isa = XCBuildConfiguration;
			buildSettings = {
				ASSETCATALOG_COMPILER_APPICON_NAME = AppIcon;
				INFOPLIST_FILE = Hamburguesas/Info.plist;
				LD_RUNPATH_SEARCH_PATHS = "$(inherited) @executable_path/Frameworks";
				PRODUCT_NAME = "$(TARGET_NAME)";
			};
			name = Debug;
		};
		070774FC1C3A15EC00C64C7E /* Release */ = {
			isa = XCBuildConfiguration;
			buildSettings = {
				ASSETCATALOG_COMPILER_APPICON_NAME = AppIcon;
				INFOPLIST_FILE = Hamburguesas/Info.plist;
				LD_RUNPATH_SEARCH_PATHS = "$(inherited) @executable_path/Frameworks";
				PRODUCT_NAME = "$(TARGET_NAME)";
			};
			name = Release;
		};
		070774FE1C3A15EC00C64C7E /* Debug */ = {
			isa = XCBuildConfiguration;
			buildSettings = {
				BUNDLE_LOADER = "$(TEST_HOST)";
				FRAMEWORK_SEARCH_PATHS = (
					"$(SDKROOT)/Developer/Library/Frameworks",
					"$(inherited)",
				);
				GCC_PREPROCESSOR_DEFINITIONS = (
					"DEBUG=1",
					"$(inherited)",
				);
				INFOPLIST_FILE = HamburguesasTests/Info.plist;
				LD_RUNPATH_SEARCH_PATHS = "$(inherited) @executable_path/Frameworks @loader_path/Frameworks";
				PRODUCT_NAME = "$(TARGET_NAME)";
				TEST_HOST = "$(BUILT_PRODUCTS_DIR)/Hamburguesas.app/Hamburguesas";
			};
			name = Debug;
		};
		070774FF1C3A15EC00C64C7E /* Release */ = {
			isa = XCBuildConfiguration;
			buildSettings = {
				BUNDLE_LOADER = "$(TEST_HOST)";
				FRAMEWORK_SEARCH_PATHS = (
					"$(SDKROOT)/Developer/Library/Frameworks",
					"$(inherited)",
				);
				INFOPLIST_FILE = HamburguesasTests/Info.plist;
				LD_RUNPATH_SEARCH_PATHS = "$(inherited) @executable_path/Frameworks @loader_path/Frameworks";
				PRODUCT_NAME = "$(TARGET_NAME)";
				TEST_HOST = "$(BUILT_PRODUCTS_DIR)/Hamburguesas.app/Hamburguesas";
			};
			name = Release;
		};
/* End XCBuildConfiguration section */

/* Begin XCConfigurationList section */
		070774D61C3A15EB00C64C7E /* Build configuration list for PBXProject "Hamburguesas" */ = {
			isa = XCConfigurationList;
			buildConfigurations = (
				070774F81C3A15EC00C64C7E /* Debug */,
				070774F91C3A15EC00C64C7E /* Release */,
			);
			defaultConfigurationIsVisible = 0;
			defaultConfigurationName = Release;
		};
		070774FA1C3A15EC00C64C7E /* Build configuration list for PBXNativeTarget "Hamburguesas" */ = {
			isa = XCConfigurationList;
			buildConfigurations = (
				070774FB1C3A15EC00C64C7E /* Debug */,
				070774FC1C3A15EC00C64C7E /* Release */,
			);
			defaultConfigurationIsVisible = 0;
		};
		070774FD1C3A15EC00C64C7E /* Build configuration list for PBXNativeTarget "HamburguesasTests" */ = {
			isa = XCConfigurationList;
			buildConfigurations = (
				070774FE1C3A15EC00C64C7E /* Debug */,
				070774FF1C3A15EC00C64C7E /* Release */,
			);
			defaultConfigurationIsVisible = 0;
		};
/* End XCConfigurationList section */
	};
	rootObject = 070774D31C3A15EB00C64C7E /* Project object */;
}
